PODS:
  - DeviceKit (1.8.1)
  - FlexiblePageControl (1.0.7)
  - iCarousel (1.8.3)
  - IQKeyboardManagerSwift (6.2.0)

DEPENDENCIES:
  - DeviceKit
  - FlexiblePageControl
  - iCarousel
  - IQKeyboardManagerSwift

SPEC REPOS:
  https://github.com/cocoapods/specs.git:
    - DeviceKit
    - FlexiblePageControl
    - iCarousel
    - IQKeyboardManagerSwift

SPEC CHECKSUMS:
  DeviceKit: eb29be542f5473b46b1c719011cf7de3ec5264ca
  FlexiblePageControl: 2ce8446da3d75df6432dbad7b9e19151629dae62
  iCarousel: d782f635afac190c49bb8ee455882284cff8b85f
  IQKeyboardManagerSwift: b07ccf9d8cafe993dcd6cb794eb4ba34611a0c4e

PODFILE CHECKSUM: 9c3655768ae3df06dc957d6f03dd4c1a01a2eec5

COCOAPODS: 1.6.0.beta.1
