PODS:
  - DeviceKit (1.8.1)
  - FlexiblePageControl (1.0.7)
  - iCarousel (1.8.3)
  - IQKeyboardManager (6.2.0)

DEPENDENCIES:
  - DeviceKit
  - FlexiblePageControl
  - iCarousel
  - IQKeyboardManager

SPEC REPOS:
  https://github.com/cocoapods/specs.git:
    - DeviceKit
    - FlexiblePageControl
    - iCarousel
    - IQKeyboardManager

SPEC CHECKSUMS:
  DeviceKit: eb29be542f5473b46b1c719011cf7de3ec5264ca
  FlexiblePageControl: 2ce8446da3d75df6432dbad7b9e19151629dae62
  iCarousel: d782f635afac190c49bb8ee455882284cff8b85f
  IQKeyboardManager: 6194101620b73af5e67900b8f89707a99de0b804

PODFILE CHECKSUM: 23df7c394e48bab01c468d793b00d87063a8ad4a

COCOAPODS: 1.6.0.beta.1
